// !$*UTF8*$!
{
	archiveVersion = 1;
	classes = {
	};
	objectVersion = 50;
	objects = {

/* Begin PBXBuildFile section */
		643173C52539FDE7003BDEE4 /* AppDelegate.swift in Sources */ = {isa = PBXBuildFile; fileRef = 643173C42539FDE7003BDEE4 /* AppDelegate.swift */; };
		643173C72539FDE7003BDEE4 /* SceneDelegate.swift in Sources */ = {isa = PBXBuildFile; fileRef = 643173C62539FDE7003BDEE4 /* SceneDelegate.swift */; };
		643173C92539FDE7003BDEE4 /* ViewController.swift in Sources */ = {isa = PBXBuildFile; fileRef = 643173C82539FDE7003BDEE4 /* ViewController.swift */; };
		643173CC2539FDE7003BDEE4 /* Main.storyboard in Resources */ = {isa = PBXBuildFile; fileRef = 643173CA2539FDE7003BDEE4 /* Main.storyboard */; };
		643173CE2539FDED003BDEE4 /* Assets.xcassets in Resources */ = {isa = PBXBuildFile; fileRef = 643173CD2539FDED003BDEE4 /* Assets.xcassets */; };
		643173D12539FDED003BDEE4 /* LaunchScreen.storyboard in Resources */ = {isa = PBXBuildFile; fileRef = 643173CF2539FDED003BDEE4 /* LaunchScreen.storyboard */; };
		643173D9253A05DF003BDEE4 /* Page1ViewController.swift in Sources */ = {isa = PBXBuildFile; fileRef = 643173D8253A05DF003BDEE4 /* Page1ViewController.swift */; };
		643173DB253A085B003BDEE4 /* NewsItems.swift in Sources */ = {isa = PBXBuildFile; fileRef = 643173DA253A085B003BDEE4 /* NewsItems.swift */; };
		643173DE253A131D003BDEE4 /* WebViewController.swift in Sources */ = {isa = PBXBuildFile; fileRef = 643173DD253A131D003BDEE4 /* WebViewController.swift */; };
		643173E0253A1A51003BDEE4 /* Page2ViewController.swift in Sources */ = {isa = PBXBuildFile; fileRef = 643173DF253A1A51003BDEE4 /* Page2ViewController.swift */; };
		643173E2253A1A5C003BDEE4 /* Page3ViewController.swift in Sources */ = {isa = PBXBuildFile; fileRef = 643173E1253A1A5C003BDEE4 /* Page3ViewController.swift */; };
		643173E4253A1A67003BDEE4 /* Page4ViewController.swift in Sources */ = {isa = PBXBuildFile; fileRef = 643173E3253A1A67003BDEE4 /* Page4ViewController.swift */; };
		643173E6253A1A71003BDEE4 /* Page5ViewController.swift in Sources */ = {isa = PBXBuildFile; fileRef = 643173E5253A1A71003BDEE4 /* Page5ViewController.swift */; };
		643173E8253A1A81003BDEE4 /* Page6ViewController.swift in Sources */ = {isa = PBXBuildFile; fileRef = 643173E7253A1A81003BDEE4 /* Page6ViewController.swift */; };
		FD3DF76A670144E8DB2292F1 /* Pods_NewsApp1.framework in Frameworks */ = {isa = PBXBuildFile; fileRef = DE57FBEE180A44212767DA0C /* Pods_NewsApp1.framework */; };
/* End PBXBuildFile section */

/* Begin PBXFileReference section */
		4BE9A520F6AF786D40246793 /* Pods-NewsApp1.release.xcconfig */ = {isa = PBXFileReference; includeInIndex = 1; lastKnownFileType = text.xcconfig; name = "Pods-NewsApp1.release.xcconfig"; path = "Target Support Files/Pods-NewsApp1/Pods-NewsApp1.release.xcconfig"; sourceTree = "<group>"; };
		643173C12539FDE7003BDEE4 /* NewsApp1.app */ = {isa = PBXFileReference; explicitFileType = wrapper.application; includeInIndex = 0; path = NewsApp1.app; sourceTree = BUILT_PRODUCTS_DIR; };
		643173C42539FDE7003BDEE4 /* AppDelegate.swift */ = {isa = PBXFileReference; lastKnownFileType = sourcecode.swift; path = AppDelegate.swift; sourceTree = "<group>"; };
		643173C62539FDE7003BDEE4 /* SceneDelegate.swift */ = {isa = PBXFileReference; lastKnownFileType = sourcecode.swift; path = SceneDelegate.swift; sourceTree = "<group>"; };
		643173C82539FDE7003BDEE4 /* ViewController.swift */ = {isa = PBXFileReference; lastKnownFileType = sourcecode.swift; path = ViewController.swift; sourceTree = "<group>"; };
		643173CB2539FDE7003BDEE4 /* Base */ = {isa = PBXFileReference; lastKnownFileType = file.storyboard; name = Base; path = Base.lproj/Main.storyboard; sourceTree = "<group>"; };
		643173CD2539FDED003BDEE4 /* Assets.xcassets */ = {isa = PBXFileReference; lastKnownFileType = folder.assetcatalog; path = Assets.xcassets; sourceTree = "<group>"; };
		643173D02539FDED003BDEE4 /* Base */ = {isa = PBXFileReference; lastKnownFileType = file.storyboard; name = Base; path = Base.lproj/LaunchScreen.storyboard; sourceTree = "<group>"; };
		643173D22539FDED003BDEE4 /* Info.plist */ = {isa = PBXFileReference; lastKnownFileType = text.plist.xml; path = Info.plist; sourceTree = "<group>"; };
		643173D8253A05DF003BDEE4 /* Page1ViewController.swift */ = {isa = PBXFileReference; lastKnownFileType = sourcecode.swift; path = Page1ViewController.swift; sourceTree = "<group>"; };
		643173DA253A085B003BDEE4 /* NewsItems.swift */ = {isa = PBXFileReference; lastKnownFileType = sourcecode.swift; path = NewsItems.swift; sourceTree = "<group>"; };
		643173DD253A131D003BDEE4 /* WebViewController.swift */ = {isa = PBXFileReference; lastKnownFileType = sourcecode.swift; path = WebViewController.swift; sourceTree = "<group>"; };
		643173DF253A1A51003BDEE4 /* Page2ViewController.swift */ = {isa = PBXFileReference; lastKnownFileType = sourcecode.swift; path = Page2ViewController.swift; sourceTree = "<group>"; };
		643173E1253A1A5C003BDEE4 /* Page3ViewController.swift */ = {isa = PBXFileReference; lastKnownFileType = sourcecode.swift; path = Page3ViewController.swift; sourceTree = "<group>"; };
		643173E3253A1A67003BDEE4 /* Page4ViewController.swift */ = {isa = PBXFileReference; lastKnownFileType = sourcecode.swift; path = Page4ViewController.swift; sourceTree = "<group>"; };
		643173E5253A1A71003BDEE4 /* Page5ViewController.swift */ = {isa = PBXFileReference; lastKnownFileType = sourcecode.swift; path = Page5ViewController.swift; sourceTree = "<group>"; };
		643173E7253A1A81003BDEE4 /* Page6ViewController.swift */ = {isa = PBXFileReference; lastKnownFileType = sourcecode.swift; path = Page6ViewController.swift; sourceTree = "<group>"; };
		6717CA9372CDD8D26B55B7BF /* Pods-NewsApp1.debug.xcconfig */ = {isa = PBXFileReference; includeInIndex = 1; lastKnownFileType = text.xcconfig; name = "Pods-NewsApp1.debug.xcconfig"; path = "Target Support Files/Pods-NewsApp1/Pods-NewsApp1.debug.xcconfig"; sourceTree = "<group>"; };
		DE57FBEE180A44212767DA0C /* Pods_NewsApp1.framework */ = {isa = PBXFileReference; explicitFileType = wrapper.framework; includeInIndex = 0; path = Pods_NewsApp1.framework; sourceTree = BUILT_PRODUCTS_DIR; };
/* End PBXFileReference section */

/* Begin PBXFrameworksBuildPhase section */
		643173BE2539FDE7003BDEE4 /* Frameworks */ = {
			isa = PBXFrameworksBuildPhase;
			buildActionMask = 2147483647;
			files = (
				FD3DF76A670144E8DB2292F1 /* Pods_NewsApp1.framework in Frameworks */,
			);
			runOnlyForDeploymentPostprocessing = 0;
		};
/* End PBXFrameworksBuildPhase section */

/* Begin PBXGroup section */
		11BA24EF250FBB2E7C6ABF23 /* Pods */ = {
			isa = PBXGroup;
			children = (
				6717CA9372CDD8D26B55B7BF /* Pods-NewsApp1.debug.xcconfig */,
				4BE9A520F6AF786D40246793 /* Pods-NewsApp1.release.xcconfig */,
			);
			path = Pods;
			sourceTree = "<group>";
		};
		28D3DE891ED24BBB9F9C32BD /* Frameworks */ = {
			isa = PBXGroup;
			children = (
				DE57FBEE180A44212767DA0C /* Pods_NewsApp1.framework */,
			);
			name = Frameworks;
			sourceTree = "<group>";
		};
		643173B82539FDE7003BDEE4 = {
			isa = PBXGroup;
			children = (
				643173C32539FDE7003BDEE4 /* NewsApp1 */,
				643173C22539FDE7003BDEE4 /* Products */,
				11BA24EF250FBB2E7C6ABF23 /* Pods */,
				28D3DE891ED24BBB9F9C32BD /* Frameworks */,
			);
			sourceTree = "<group>";
		};
		643173C22539FDE7003BDEE4 /* Products */ = {
			isa = PBXGroup;
			children = (
				643173C12539FDE7003BDEE4 /* NewsApp1.app */,
			);
			name = Products;
			sourceTree = "<group>";
		};
		643173C32539FDE7003BDEE4 /* NewsApp1 */ = {
			isa = PBXGroup;
			children = (
				643173C42539FDE7003BDEE4 /* AppDelegate.swift */,
				643173C62539FDE7003BDEE4 /* SceneDelegate.swift */,
				643173DA253A085B003BDEE4 /* NewsItems.swift */,
				643173DC253A0868003BDEE4 /* Controller */,
				643173CA2539FDE7003BDEE4 /* Main.storyboard */,
				643173CD2539FDED003BDEE4 /* Assets.xcassets */,
				643173CF2539FDED003BDEE4 /* LaunchScreen.storyboard */,
				643173D22539FDED003BDEE4 /* Info.plist */,
			);
			path = NewsApp1;
			sourceTree = "<group>";
		};
		643173DC253A0868003BDEE4 /* Controller */ = {
			isa = PBXGroup;
			children = (
				643173C82539FDE7003BDEE4 /* ViewController.swift */,
				643173D8253A05DF003BDEE4 /* Page1ViewController.swift */,
				643173DF253A1A51003BDEE4 /* Page2ViewController.swift */,
				643173E1253A1A5C003BDEE4 /* Page3ViewController.swift */,
				643173E3253A1A67003BDEE4 /* Page4ViewController.swift */,
				643173E5253A1A71003BDEE4 /* Page5ViewController.swift */,
				643173E7253A1A81003BDEE4 /* Page6ViewController.swift */,
				643173DD253A131D003BDEE4 /* WebViewController.swift */,
			);
			path = Controller;
			sourceTree = "<group>";
		};
/* End PBXGroup section */

/* Begin PBXNativeTarget section */
		643173C02539FDE7003BDEE4 /* NewsApp1 */ = {
			isa = PBXNativeTarget;
			buildConfigurationList = 643173D52539FDED003BDEE4 /* Build configuration list for PBXNativeTarget "NewsApp1" */;
			buildPhases = (
				AC7117A3BA02CEC861C21FFB /* [CP] Check Pods Manifest.lock */,
				643173BD2539FDE7003BDEE4 /* Sources */,
				643173BE2539FDE7003BDEE4 /* Frameworks */,
				643173BF2539FDE7003BDEE4 /* Resources */,
			);
			buildRules = (
			);
			dependencies = (
			);
			name = NewsApp1;
			productName = NewsApp1;
			productReference = 643173C12539FDE7003BDEE4 /* NewsApp1.app */;
			productType = "com.apple.product-type.application";
		};
/* End PBXNativeTarget section */

/* Begin PBXProject section */
		643173B92539FDE7003BDEE4 /* Project object */ = {
			isa = PBXProject;
			attributes = {
				LastSwiftUpdateCheck = 1170;
				LastUpgradeCheck = 1170;
				ORGANIZATIONNAME = Raphael;
				TargetAttributes = {
					643173C02539FDE7003BDEE4 = {
						CreatedOnToolsVersion = 11.7;
					};
				};
			};
			buildConfigurationList = 643173BC2539FDE7003BDEE4 /* Build configuration list for PBXProject "NewsApp1" */;
			compatibilityVersion = "Xcode 9.3";
			developmentRegion = en;
			hasScannedForEncodings = 0;
			knownRegions = (
				en,
				Base,
			);
			mainGroup = 643173B82539FDE7003BDEE4;
			productRefGroup = 643173C22539FDE7003BDEE4 /* Products */;
			projectDirPath = "";
			projectRoot = "";
			targets = (
				643173C02539FDE7003BDEE4 /* NewsApp1 */,
			);
		};
/* End PBXProject section */

/* Begin PBXResourcesBuildPhase section */
		643173BF2539FDE7003BDEE4 /* Resources */ = {
			isa = PBXResourcesBuildPhase;
			buildActionMask = 2147483647;
			files = (
				643173D12539FDED003BDEE4 /* LaunchScreen.storyboard in Resources */,
				643173CE2539FDED003BDEE4 /* Assets.xcassets in Resources */,
				643173CC2539FDE7003BDEE4 /* Main.storyboard in Resources */,
			);
			runOnlyForDeploymentPostprocessing = 0;
		};
/* End PBXResourcesBuildPhase section */

/* Begin PBXShellScriptBuildPhase section */
		AC7117A3BA02CEC861C21FFB /* [CP] Check Pods Manifest.lock */ = {
			isa = PBXShellScriptBuildPhase;
			buildActionMask = 2147483647;
			files = (
			);
			inputFileListPaths = (
			);
			inputPaths = (
				"${PODS_PODFILE_DIR_PATH}/Podfile.lock",
				"${PODS_ROOT}/Manifest.lock",
			);
			name = "[CP] Check Pods Manifest.lock";
			outputFileListPaths = (
			);
			outputPaths = (
				"$(DERIVED_FILE_DIR)/Pods-NewsApp1-checkManifestLockResult.txt",
			);
			runOnlyForDeploymentPostprocessing = 0;
			shellPath = /bin/sh;
			shellScript = "diff \"${PODS_PODFILE_DIR_PATH}/Podfile.lock\" \"${PODS_ROOT}/Manifest.lock\" > /dev/null\nif [ $? != 0 ] ; then\n    # print error to STDERR\n    echo \"error: The sandbox is not in sync with the Podfile.lock. Run 'pod install' or update your CocoaPods installation.\" >&2\n    exit 1\nfi\n# This output is used by Xcode 'outputs' to avoid re-running this script phase.\necho \"SUCCESS\" > \"${SCRIPT_OUTPUT_FILE_0}\"\n";
			showEnvVarsInLog = 0;
		};
/* End PBXShellScriptBuildPhase section */

/* Begin PBXSourcesBuildPhase section */
		643173BD2539FDE7003BDEE4 /* Sources */ = {
			isa = PBXSourcesBuildPhase;
			buildActionMask = 2147483647;
			files = (
				643173C92539FDE7003BDEE4 /* ViewController.swift in Sources */,
				643173DE253A131D003BDEE4 /* WebViewController.swift in Sources */,
				643173E8253A1A81003BDEE4 /* Page6ViewController.swift in Sources */,
				643173E4253A1A67003BDEE4 /* Page4ViewController.swift in Sources */,
				643173D9253A05DF003BDEE4 /* Page1ViewController.swift in Sources */,
				643173E2253A1A5C003BDEE4 /* Page3ViewController.swift in Sources */,
				643173E6253A1A71003BDEE4 /* Page5ViewController.swift in Sources */,
				643173C52539FDE7003BDEE4 /* AppDelegate.swift in Sources */,
				643173C72539FDE7003BDEE4 /* SceneDelegate.swift in Sources */,
				643173DB253A085B003BDEE4 /* NewsItems.swift in Sources */,
				643173E0253A1A51003BDEE4 /* Page2ViewController.swift in Sources */,
			);
			runOnlyForDeploymentPostprocessing = 0;
		};
/* End PBXSourcesBuildPhase section */

/* Begin PBXVariantGroup section */
		643173CA2539FDE7003BDEE4 /* Main.storyboard */ = {
			isa = PBXVariantGroup;
			children = (
				643173CB2539FDE7003BDEE4 /* Base */,
			);
			name = Main.storyboard;
			sourceTree = "<group>";
		};
		643173CF2539FDED003BDEE4 /* LaunchScreen.storyboard */ = {
			isa = PBXVariantGroup;
			children = (
				643173D02539FDED003BDEE4 /* Base */,
			);
			name = LaunchScreen.storyboard;
			sourceTree = "<group>";
		};
/* End PBXVariantGroup section */

/* Begin XCBuildConfiguration section */
		643173D32539FDED003BDEE4 /* Debug */ = {
			isa = XCBuildConfiguration;
			buildSettings = {
				ALWAYS_SEARCH_USER_PATHS = NO;
				CLANG_ANALYZER_NONNULL = YES;
				CLANG_ANALYZER_NUMBER_OBJECT_CONVERSION = YES_AGGRESSIVE;
				CLANG_CXX_LANGUAGE_STANDARD = "gnu++14";
				CLANG_CXX_LIBRARY = "libc++";
				CLANG_ENABLE_MODULES = YES;
				CLANG_ENABLE_OBJC_ARC = YES;
				CLANG_ENABLE_OBJC_WEAK = YES;
				CLANG_WARN_BLOCK_CAPTURE_AUTORELEASING = YES;
				CLANG_WARN_BOOL_CONVERSION = YES;
				CLANG_WARN_COMMA = YES;
				CLANG_WARN_CONSTANT_CONVERSION = YES;
				CLANG_WARN_DEPRECATED_OBJC_IMPLEMENTATIONS = YES;
				CLANG_WARN_DIRECT_OBJC_ISA_USAGE = YES_ERROR;
				CLANG_WARN_DOCUMENTATION_COMMENTS = YES;
				CLANG_WARN_EMPTY_BODY = YES;
				CLANG_WARN_ENUM_CONVERSION = YES;
				CLANG_WARN_INFINITE_RECURSION = YES;
				CLANG_WARN_INT_CONVERSION = YES;
				CLANG_WARN_NON_LITERAL_NULL_CONVERSION = YES;
				CLANG_WARN_OBJC_IMPLICIT_RETAIN_SELF = YES;
				CLANG_WARN_OBJC_LITERAL_CONVERSION = YES;
				CLANG_WARN_OBJC_ROOT_CLASS = YES_ERROR;
				CLANG_WARN_RANGE_LOOP_ANALYSIS = YES;
				CLANG_WARN_STRICT_PROTOTYPES = YES;
				CLANG_WARN_SUSPICIOUS_MOVE = YES;
				CLANG_WARN_UNGUARDED_AVAILABILITY = YES_AGGRESSIVE;
				CLANG_WARN_UNREACHABLE_CODE = YES;
				CLANG_WARN__DUPLICATE_METHOD_MATCH = YES;
				COPY_PHASE_STRIP = NO;
				DEBUG_INFORMATION_FORMAT = dwarf;
				ENABLE_STRICT_OBJC_MSGSEND = YES;
				ENABLE_TESTABILITY = YES;
				GCC_C_LANGUAGE_STANDARD = gnu11;
				GCC_DYNAMIC_NO_PIC = NO;
				GCC_NO_COMMON_BLOCKS = YES;
				GCC_OPTIMIZATION_LEVEL = 0;
				GCC_PREPROCESSOR_DEFINITIONS = (
					"DEBUG=1",
					"$(inherited)",
				);
				GCC_WARN_64_TO_32_BIT_CONVERSION = YES;
				GCC_WARN_ABOUT_RETURN_TYPE = YES_ERROR;
				GCC_WARN_UNDECLARED_SELECTOR = YES;
				GCC_WARN_UNINITIALIZED_AUTOS = YES_AGGRESSIVE;
				GCC_WARN_UNUSED_FUNCTION = YES;
				GCC_WARN_UNUSED_VARIABLE = YES;
				IPHONEOS_DEPLOYMENT_TARGET = 13.7;
				MTL_ENABLE_DEBUG_INFO = INCLUDE_SOURCE;
				MTL_FAST_MATH = YES;
				ONLY_ACTIVE_ARCH = YES;
				SDKROOT = iphoneos;
				SWIFT_ACTIVE_COMPILATION_CONDITIONS = DEBUG;
				SWIFT_OPTIMIZATION_LEVEL = "-Onone";
			};
			name = Debug;
		};
		643173D42539FDED003BDEE4 /* Release */ = {
			isa = XCBuildConfiguration;
			buildSettings = {
				ALWAYS_SEARCH_USER_PATHS = NO;
				CLANG_ANALYZER_NONNULL = YES;
				CLANG_ANALYZER_NUMBER_OBJECT_CONVERSION = YES_AGGRESSIVE;
				CLANG_CXX_LANGUAGE_STANDARD = "gnu++14";
				CLANG_CXX_LIBRARY = "libc++";
				CLANG_ENABLE_MODULES = YES;
				CLANG_ENABLE_OBJC_ARC = YES;
				CLANG_ENABLE_OBJC_WEAK = YES;
				CLANG_WARN_BLOCK_CAPTURE_AUTORELEASING = YES;
				CLANG_WARN_BOOL_CONVERSION = YES;
				CLANG_WARN_COMMA = YES;
				CLANG_WARN_CONSTANT_CONVERSION = YES;
				CLANG_WARN_DEPRECATED_OBJC_IMPLEMENTATIONS = YES;
				CLANG_WARN_DIRECT_OBJC_ISA_USAGE = YES_ERROR;
				CLANG_WARN_DOCUMENTATION_COMMENTS = YES;
				CLANG_WARN_EMPTY_BODY = YES;
				CLANG_WARN_ENUM_CONVERSION = YES;
				CLANG_WARN_INFINITE_RECURSION = YES;
				CLANG_WARN_INT_CONVERSION = YES;
				CLANG_WARN_NON_LITERAL_NULL_CONVERSION = YES;
				CLANG_WARN_OBJC_IMPLICIT_RETAIN_SELF = YES;
				CLANG_WARN_OBJC_LITERAL_CONVERSION = YES;
				CLANG_WARN_OBJC_ROOT_CLASS = YES_ERROR;
				CLANG_WARN_RANGE_LOOP_ANALYSIS = YES;
				CLANG_WARN_STRICT_PROTOTYPES = YES;
				CLANG_WARN_SUSPICIOUS_MOVE = YES;
				CLANG_WARN_UNGUARDED_AVAILABILITY = YES_AGGRESSIVE;
				CLANG_WARN_UNREACHABLE_CODE = YES;
				CLANG_WARN__DUPLICATE_METHOD_MATCH = YES;
				COPY_PHASE_STRIP = NO;
				DEBUG_INFORMATION_FORMAT = "dwarf-with-dsym";
				ENABLE_NS_ASSERTIONS = NO;
				ENABLE_STRICT_OBJC_MSGSEND = YES;
				GCC_C_LANGUAGE_STANDARD = gnu11;
				GCC_NO_COMMON_BLOCKS = YES;
				GCC_WARN_64_TO_32_BIT_CONVERSION = YES;
				GCC_WARN_ABOUT_RETURN_TYPE = YES_ERROR;
				GCC_WARN_UNDECLARED_SELECTOR = YES;
				GCC_WARN_UNINITIALIZED_AUTOS = YES_AGGRESSIVE;
				GCC_WARN_UNUSED_FUNCTION = YES;
				GCC_WARN_UNUSED_VARIABLE = YES;
				IPHONEOS_DEPLOYMENT_TARGET = 13.7;
				MTL_ENABLE_DEBUG_INFO = NO;
				MTL_FAST_MATH = YES;
				SDKROOT = iphoneos;
				SWIFT_COMPILATION_MODE = wholemodule;
				SWIFT_OPTIMIZATION_LEVEL = "-O";
				VALIDATE_PRODUCT = YES;
			};
			name = Release;
		};
		643173D62539FDED003BDEE4 /* Debug */ = {
			isa = XCBuildConfiguration;
			baseConfigurationReference = 6717CA9372CDD8D26B55B7BF /* Pods-NewsApp1.debug.xcconfig */;
			buildSettings = {
				ASSETCATALOG_COMPILER_APPICON_NAME = AppIcon;
				CODE_SIGN_STYLE = Automatic;
				DEVELOPMENT_TEAM = J8LP9MW8T8;
				INFOPLIST_FILE = NewsApp1/Info.plist;
				LD_RUNPATH_SEARCH_PATHS = (
					"$(inherited)",
					"@executable_path/Frameworks",
				);
				PRODUCT_BUNDLE_IDENTIFIER = jp.tomokazu.takahashi.NewsApp1;
				PRODUCT_NAME = "$(TARGET_NAME)";
				SWIFT_VERSION = 5.0;
				TARGETED_DEVICE_FAMILY = "1,2";
			};
			name = Debug;
		};
		643173D72539FDED003BDEE4 /* Release */ = {
			isa = XCBuildConfiguration;
			baseConfigurationReference = 4BE9A520F6AF786D40246793 /* Pods-NewsApp1.release.xcconfig */;
			buildSettings = {
				ASSETCATALOG_COMPILER_APPICON_NAME = AppIcon;
				CODE_SIGN_STYLE = Automatic;
				DEVELOPMENT_TEAM = J8LP9MW8T8;
				INFOPLIST_FILE = NewsApp1/Info.plist;
				LD_RUNPATH_SEARCH_PATHS = (
					"$(inherited)",
					"@executable_path/Frameworks",
				);
				PRODUCT_BUNDLE_IDENTIFIER = jp.tomokazu.takahashi.NewsApp1;
				PRODUCT_NAME = "$(TARGET_NAME)";
				SWIFT_VERSION = 5.0;
				TARGETED_DEVICE_FAMILY = "1,2";
			};
			name = Release;
		};
/* End XCBuildConfiguration section */

/* Begin XCConfigurationList section */
		643173BC2539FDE7003BDEE4 /* Build configuration list for PBXProject "NewsApp1" */ = {
			isa = XCConfigurationList;
			buildConfigurations = (
				643173D32539FDED003BDEE4 /* Debug */,
				643173D42539FDED003BDEE4 /* Release */,
			);
			defaultConfigurationIsVisible = 0;
			defaultConfigurationName = Release;
		};
		643173D52539FDED003BDEE4 /* Build configuration list for PBXNativeTarget "NewsApp1" */ = {
			isa = XCConfigurationList;
			buildConfigurations = (
				643173D62539FDED003BDEE4 /* Debug */,
				643173D72539FDED003BDEE4 /* Release */,
			);
			defaultConfigurationIsVisible = 0;
			defaultConfigurationName = Release;
		};
/* End XCConfigurationList section */
	};
	rootObject = 643173B92539FDE7003BDEE4 /* Project object */;
}
